
Microsoft Visual Studio Solution File, Format Version 12.00
# Visual Studio Version 17
VisualStudioVersion = 17.7.34009.444
MinimumVisualStudioVersion = 10.0.40219.1
Project("{FAE04EC0-301F-11D3-BF4B-00C04F79EFBC}") = "Depth First Search Algorithm", "Depth First Search Algorithm\Depth First Search Algorithm.csproj", "{4501C6A7-343B-4C06-BD44-E18AE3254612}"
EndProject
Global
	GlobalSection(SolutionConfigurationPlatforms) = preSolution
		Debug|Any CPU = Debug|Any CPU
		Release|Any CPU = Release|Any CPU
	EndGlobalSection
	GlobalSection(ProjectConfigurationPlatforms) = postSolution
		{4501C6A7-343B-4C06-BD44-E18AE3254612}.Debug|Any CPU.ActiveCfg = Debug|Any CPU
		{4501C6A7-343B-4C06-BD44-E18AE3254612}.Debug|Any CPU.Build.0 = Debug|Any CPU
		{4501C6A7-343B-4C06-BD44-E18AE3254612}.Release|Any CPU.ActiveCfg = Release|Any CPU
		{4501C6A7-343B-4C06-BD44-E18AE3254612}.Release|Any CPU.Build.0 = Release|Any CPU
	EndGlobalSection
	GlobalSection(SolutionProperties) = preSolution
		HideSolutionNode = FALSE
	EndGlobalSection
	GlobalSection(ExtensibilityGlobals) = postSolution
		SolutionGuid = {3DE3353C-518A-4075-B8F6-8C6923138478}
	EndGlobalSection
EndGlobal
